
Microsoft Visual Studio Solution File, Format Version 12.00
# Visual Studio Version 16
VisualStudioVersion = 25.0.1706.5
MinimumVisualStudioVersion = 10.0.40219.1
Project("{FAE04EC0-301F-11D3-BF4B-00C04F79EFBC}") = "auction-house", "auction-house\auction-house.csproj", "{D72F664C-AB9E-465C-8F15-FBEA4CB3670D}"
EndProject
Global
	GlobalSection(SolutionConfigurationPlatforms) = preSolution
		Debug|Any CPU = Debug|Any CPU
		Release|Any CPU = Release|Any CPU
	EndGlobalSection
	GlobalSection(ProjectConfigurationPlatforms) = postSolution
		{D72F664C-AB9E-465C-8F15-FBEA4CB3670D}.Debug|Any CPU.ActiveCfg = Debug|Any CPU
		{D72F664C-AB9E-465C-8F15-FBEA4CB3670D}.Debug|Any CPU.Build.0 = Debug|Any CPU
		{D72F664C-AB9E-465C-8F15-FBEA4CB3670D}.Release|Any CPU.ActiveCfg = Release|Any CPU
		{D72F664C-AB9E-465C-8F15-FBEA4CB3670D}.Release|Any CPU.Build.0 = Release|Any CPU
	EndGlobalSection
	GlobalSection(SolutionProperties) = preSolution
		HideSolutionNode = FALSE
	EndGlobalSection
	GlobalSection(ExtensibilityGlobals) = postSolution
		SolutionGuid = {F0614894-2615-4380-B7DA-89595AC52026}
	EndGlobalSection
EndGlobal
